
Microsoft Visual Studio Solution File, Format Version 12.00
# Visual Studio Version 17
VisualStudioVersion = 17.13.35931.197 d17.13
MinimumVisualStudioVersion = 10.0.40219.1
Project("{FAE04EC0-301F-11D3-BF4B-00C04F79EFBC}") = "Client_BlazorServer", "Client_BlazorServer\Client_BlazorServer.csproj", "{A4CB08DF-45CD-409F-B2D3-8C18DB3CACAB}"
EndProject
Global
	GlobalSection(SolutionConfigurationPlatforms) = preSolution
		Debug|Any CPU = Debug|Any CPU
		Release|Any CPU = Release|Any CPU
	EndGlobalSection
	GlobalSection(ProjectConfigurationPlatforms) = postSolution
		{A4CB08DF-45CD-409F-B2D3-8C18DB3CACAB}.Debug|Any CPU.ActiveCfg = Debug|Any CPU
		{A4CB08DF-45CD-409F-B2D3-8C18DB3CACAB}.Debug|Any CPU.Build.0 = Debug|Any CPU
		{A4CB08DF-45CD-409F-B2D3-8C18DB3CACAB}.Release|Any CPU.ActiveCfg = Release|Any CPU
		{A4CB08DF-45CD-409F-B2D3-8C18DB3CACAB}.Release|Any CPU.Build.0 = Release|Any CPU
	EndGlobalSection
	GlobalSection(SolutionProperties) = preSolution
		HideSolutionNode = FALSE
	EndGlobalSection
	GlobalSection(ExtensibilityGlobals) = postSolution
		SolutionGuid = {8A42E28D-B26D-4721-9AE9-FA7C5724255A}
	EndGlobalSection
EndGlobal
